// !$*UTF8*$!
{
	archiveVersion = 1;
	classes = {
	};
	objectVersion = 55;
	objects = {

/* Begin PBXBuildFile section */
		08552D8C2852526000B3CD1C /* ProductsFetcher.swift in Sources */ = {isa = PBXBuildFile; fileRef = 08552D8B2852526000B3CD1C /* ProductsFetcher.swift */; };
		08552D8D2852526000B3CD1C /* ProductsFetcher.swift in Sources */ = {isa = PBXBuildFile; fileRef = 08552D8B2852526000B3CD1C /* ProductsFetcher.swift */; };
		08552D902852555100B3CD1C /* XenColor.swift in Sources */ = {isa = PBXBuildFile; fileRef = 08552D8F2852555100B3CD1C /* XenColor.swift */; };
		08552D912852555100B3CD1C /* XenColor.swift in Sources */ = {isa = PBXBuildFile; fileRef = 08552D8F2852555100B3CD1C /* XenColor.swift */; };
		087438C2285239B500AA432E /* Tests_iOS.swift in Sources */ = {isa = PBXBuildFile; fileRef = 087438C1285239B500AA432E /* Tests_iOS.swift */; };
		087438C4285239B500AA432E /* Tests_iOSLaunchTests.swift in Sources */ = {isa = PBXBuildFile; fileRef = 087438C3285239B500AA432E /* Tests_iOSLaunchTests.swift */; };
		087438CE285239B500AA432E /* Tests_macOS.swift in Sources */ = {isa = PBXBuildFile; fileRef = 087438CD285239B500AA432E /* Tests_macOS.swift */; };
		087438D0285239B500AA432E /* Tests_macOSLaunchTests.swift in Sources */ = {isa = PBXBuildFile; fileRef = 087438CF285239B500AA432E /* Tests_macOSLaunchTests.swift */; };
		087438D1285239B500AA432E /* xenShopApp.swift in Sources */ = {isa = PBXBuildFile; fileRef = 087438A9285239B200AA432E /* xenShopApp.swift */; };
		087438D2285239B500AA432E /* xenShopApp.swift in Sources */ = {isa = PBXBuildFile; fileRef = 087438A9285239B200AA432E /* xenShopApp.swift */; };
		087438D3285239B500AA432E /* ContentView.swift in Sources */ = {isa = PBXBuildFile; fileRef = 087438AA285239B200AA432E /* ContentView.swift */; };
		087438D4285239B500AA432E /* ContentView.swift in Sources */ = {isa = PBXBuildFile; fileRef = 087438AA285239B200AA432E /* ContentView.swift */; };
		087438D5285239B500AA432E /* Assets.xcassets in Resources */ = {isa = PBXBuildFile; fileRef = 087438AB285239B500AA432E /* Assets.xcassets */; };
		087438D6285239B500AA432E /* Assets.xcassets in Resources */ = {isa = PBXBuildFile; fileRef = 087438AB285239B500AA432E /* Assets.xcassets */; };
		087438E828523CA300AA432E /* ProductsView.swift in Sources */ = {isa = PBXBuildFile; fileRef = 087438E728523CA300AA432E /* ProductsView.swift */; };
		087438E928523CA300AA432E /* ProductsView.swift in Sources */ = {isa = PBXBuildFile; fileRef = 087438E728523CA300AA432E /* ProductsView.swift */; };
		087438EB28523CCF00AA432E /* ProductRowView.swift in Sources */ = {isa = PBXBuildFile; fileRef = 087438EA28523CCF00AA432E /* ProductRowView.swift */; };
		087438EC28523CCF00AA432E /* ProductRowView.swift in Sources */ = {isa = PBXBuildFile; fileRef = 087438EA28523CCF00AA432E /* ProductRowView.swift */; };
		087438F228523DC400AA432E /* Cart.swift in Sources */ = {isa = PBXBuildFile; fileRef = 087438F128523DC400AA432E /* Cart.swift */; };
		087438F328523DC400AA432E /* Cart.swift in Sources */ = {isa = PBXBuildFile; fileRef = 087438F128523DC400AA432E /* Cart.swift */; };
		087438F528523E7100AA432E /* NetworkManager.swift in Sources */ = {isa = PBXBuildFile; fileRef = 087438F428523E7100AA432E /* NetworkManager.swift */; };
		087438F628523E7100AA432E /* NetworkManager.swift in Sources */ = {isa = PBXBuildFile; fileRef = 087438F428523E7100AA432E /* NetworkManager.swift */; };
		087438FA285244D100AA432E /* CombineMoya in Frameworks */ = {isa = PBXBuildFile; productRef = 087438F9285244D100AA432E /* CombineMoya */; };
		087438FC285244D100AA432E /* Moya in Frameworks */ = {isa = PBXBuildFile; productRef = 087438FB285244D100AA432E /* Moya */; };
		087438FF2852458800AA432E /* XenShopAPI.swift in Sources */ = {isa = PBXBuildFile; fileRef = 087438FE2852458800AA432E /* XenShopAPI.swift */; };
		087439002852458800AA432E /* XenShopAPI.swift in Sources */ = {isa = PBXBuildFile; fileRef = 087438FE2852458800AA432E /* XenShopAPI.swift */; };
		0874390228524AF900AA432E /* XenShopError.swift in Sources */ = {isa = PBXBuildFile; fileRef = 0874390128524AF900AA432E /* XenShopError.swift */; };
		0874390328524AF900AA432E /* XenShopError.swift in Sources */ = {isa = PBXBuildFile; fileRef = 0874390128524AF900AA432E /* XenShopError.swift */; };
		0874390528524E3100AA432E /* Product.swift in Sources */ = {isa = PBXBuildFile; fileRef = 0874390428524E3100AA432E /* Product.swift */; };
		0874390628524E3100AA432E /* Product.swift in Sources */ = {isa = PBXBuildFile; fileRef = 0874390428524E3100AA432E /* Product.swift */; };
/* End PBXBuildFile section */

/* Begin PBXContainerItemProxy section */
		087438BE285239B500AA432E /* PBXContainerItemProxy */ = {
			isa = PBXContainerItemProxy;
			containerPortal = 087438A4285239B200AA432E /* Project object */;
			proxyType = 1;
			remoteGlobalIDString = 087438AF285239B500AA432E;
			remoteInfo = "xenShop (iOS)";
		};
		087438CA285239B500AA432E /* PBXContainerItemProxy */ = {
			isa = PBXContainerItemProxy;
			containerPortal = 087438A4285239B200AA432E /* Project object */;
			proxyType = 1;
			remoteGlobalIDString = 087438B5285239B500AA432E;
			remoteInfo = "xenShop (macOS)";
		};
/* End PBXContainerItemProxy section */

/* Begin PBXFileReference section */
		08552D8B2852526000B3CD1C /* ProductsFetcher.swift */ = {isa = PBXFileReference; lastKnownFileType = sourcecode.swift; path = ProductsFetcher.swift; sourceTree = "<group>"; };
		08552D8F2852555100B3CD1C /* XenColor.swift */ = {isa = PBXFileReference; lastKnownFileType = sourcecode.swift; path = XenColor.swift; sourceTree = "<group>"; };
		087438A9285239B200AA432E /* xenShopApp.swift */ = {isa = PBXFileReference; lastKnownFileType = sourcecode.swift; path = xenShopApp.swift; sourceTree = "<group>"; };
		087438AA285239B200AA432E /* ContentView.swift */ = {isa = PBXFileReference; lastKnownFileType = sourcecode.swift; path = ContentView.swift; sourceTree = "<group>"; };
		087438AB285239B500AA432E /* Assets.xcassets */ = {isa = PBXFileReference; lastKnownFileType = folder.assetcatalog; path = Assets.xcassets; sourceTree = "<group>"; };
		087438B0285239B500AA432E /* xenShop.app */ = {isa = PBXFileReference; explicitFileType = wrapper.application; includeInIndex = 0; path = xenShop.app; sourceTree = BUILT_PRODUCTS_DIR; };
		087438B6285239B500AA432E /* xenShop.app */ = {isa = PBXFileReference; explicitFileType = wrapper.application; includeInIndex = 0; path = xenShop.app; sourceTree = BUILT_PRODUCTS_DIR; };
		087438B8285239B500AA432E /* macOS.entitlements */ = {isa = PBXFileReference; lastKnownFileType = text.plist.entitlements; path = macOS.entitlements; sourceTree = "<group>"; };
		087438BD285239B500AA432E /* Tests iOS.xctest */ = {isa = PBXFileReference; explicitFileType = wrapper.cfbundle; includeInIndex = 0; path = "Tests iOS.xctest"; sourceTree = BUILT_PRODUCTS_DIR; };
		087438C1285239B500AA432E /* Tests_iOS.swift */ = {isa = PBXFileReference; lastKnownFileType = sourcecode.swift; path = Tests_iOS.swift; sourceTree = "<group>"; };
		087438C3285239B500AA432E /* Tests_iOSLaunchTests.swift */ = {isa = PBXFileReference; lastKnownFileType = sourcecode.swift; path = Tests_iOSLaunchTests.swift; sourceTree = "<group>"; };
		087438C9285239B500AA432E /* Tests macOS.xctest */ = {isa = PBXFileReference; explicitFileType = wrapper.cfbundle; includeInIndex = 0; path = "Tests macOS.xctest"; sourceTree = BUILT_PRODUCTS_DIR; };
		087438CD285239B500AA432E /* Tests_macOS.swift */ = {isa = PBXFileReference; lastKnownFileType = sourcecode.swift; path = Tests_macOS.swift; sourceTree = "<group>"; };
		087438CF285239B500AA432E /* Tests_macOSLaunchTests.swift */ = {isa = PBXFileReference; lastKnownFileType = sourcecode.swift; path = Tests_macOSLaunchTests.swift; sourceTree = "<group>"; };
		087438E728523CA300AA432E /* ProductsView.swift */ = {isa = PBXFileReference; lastKnownFileType = sourcecode.swift; path = ProductsView.swift; sourceTree = "<group>"; };
		087438EA28523CCF00AA432E /* ProductRowView.swift */ = {isa = PBXFileReference; lastKnownFileType = sourcecode.swift; path = ProductRowView.swift; sourceTree = "<group>"; };
		087438F128523DC400AA432E /* Cart.swift */ = {isa = PBXFileReference; lastKnownFileType = sourcecode.swift; path = Cart.swift; sourceTree = "<group>"; };
		087438F428523E7100AA432E /* NetworkManager.swift */ = {isa = PBXFileReference; lastKnownFileType = sourcecode.swift; path = NetworkManager.swift; sourceTree = "<group>"; };
		087438FE2852458800AA432E /* XenShopAPI.swift */ = {isa = PBXFileReference; lastKnownFileType = sourcecode.swift; path = XenShopAPI.swift; sourceTree = "<group>"; };
		0874390128524AF900AA432E /* XenShopError.swift */ = {isa = PBXFileReference; lastKnownFileType = sourcecode.swift; path = XenShopError.swift; sourceTree = "<group>"; };
		0874390428524E3100AA432E /* Product.swift */ = {isa = PBXFileReference; lastKnownFileType = sourcecode.swift; path = Product.swift; sourceTree = "<group>"; };
/* End PBXFileReference section */

/* Begin PBXFrameworksBuildPhase section */
		087438AD285239B500AA432E /* Frameworks */ = {
			isa = PBXFrameworksBuildPhase;
			buildActionMask = 2147483647;
			files = (
				087438FC285244D100AA432E /* Moya in Frameworks */,
				087438FA285244D100AA432E /* CombineMoya in Frameworks */,
			);
			runOnlyForDeploymentPostprocessing = 0;
		};
		087438B3285239B500AA432E /* Frameworks */ = {
			isa = PBXFrameworksBuildPhase;
			buildActionMask = 2147483647;
			files = (
			);
			runOnlyForDeploymentPostprocessing = 0;
		};
		087438BA285239B500AA432E /* Frameworks */ = {
			isa = PBXFrameworksBuildPhase;
			buildActionMask = 2147483647;
			files = (
			);
			runOnlyForDeploymentPostprocessing = 0;
		};
		087438C6285239B500AA432E /* Frameworks */ = {
			isa = PBXFrameworksBuildPhase;
			buildActionMask = 2147483647;
			files = (
			);
			runOnlyForDeploymentPostprocessing = 0;
		};
/* End PBXFrameworksBuildPhase section */

/* Begin PBXGroup section */
		08552D8E2852554000B3CD1C /* Helper */ = {
			isa = PBXGroup;
			children = (
				08552D8F2852555100B3CD1C /* XenColor.swift */,
			);
			path = Helper;
			sourceTree = "<group>";
		};
		087438A3285239B200AA432E = {
			isa = PBXGroup;
			children = (
				087438A8285239B200AA432E /* Shared */,
				087438B7285239B500AA432E /* macOS */,
				087438C0285239B500AA432E /* Tests iOS */,
				087438CC285239B500AA432E /* Tests macOS */,
				087438B1285239B500AA432E /* Products */,
			);
			sourceTree = "<group>";
		};
		087438A8285239B200AA432E /* Shared */ = {
			isa = PBXGroup;
			children = (
				08552D8E2852554000B3CD1C /* Helper */,
				087438FD2852456800AA432E /* Network */,
				087438ED28523CF000AA432E /* Model */,
				087438E528523C7D00AA432E /* Views */,
				087438A9285239B200AA432E /* xenShopApp.swift */,
				087438AA285239B200AA432E /* ContentView.swift */,
				087438AB285239B500AA432E /* Assets.xcassets */,
			);
			path = Shared;
			sourceTree = "<group>";
		};
		087438B1285239B500AA432E /* Products */ = {
			isa = PBXGroup;
			children = (
				087438B0285239B500AA432E /* xenShop.app */,
				087438B6285239B500AA432E /* xenShop.app */,
				087438BD285239B500AA432E /* Tests iOS.xctest */,
				087438C9285239B500AA432E /* Tests macOS.xctest */,
			);
			name = Products;
			sourceTree = "<group>";
		};
		087438B7285239B500AA432E /* macOS */ = {
			isa = PBXGroup;
			children = (
				087438B8285239B500AA432E /* macOS.entitlements */,
			);
			path = macOS;
			sourceTree = "<group>";
		};
		087438C0285239B500AA432E /* Tests iOS */ = {
			isa = PBXGroup;
			children = (
				087438C1285239B500AA432E /* Tests_iOS.swift */,
				087438C3285239B500AA432E /* Tests_iOSLaunchTests.swift */,
			);
			path = "Tests iOS";
			sourceTree = "<group>";
		};
		087438CC285239B500AA432E /* Tests macOS */ = {
			isa = PBXGroup;
			children = (
				087438CD285239B500AA432E /* Tests_macOS.swift */,
				087438CF285239B500AA432E /* Tests_macOSLaunchTests.swift */,
			);
			path = "Tests macOS";
			sourceTree = "<group>";
		};
		087438E528523C7D00AA432E /* Views */ = {
			isa = PBXGroup;
			children = (
				087438E628523C8A00AA432E /* Products */,
			);
			path = Views;
			sourceTree = "<group>";
		};
		087438E628523C8A00AA432E /* Products */ = {
			isa = PBXGroup;
			children = (
				087438E728523CA300AA432E /* ProductsView.swift */,
				087438EA28523CCF00AA432E /* ProductRowView.swift */,
				08552D8B2852526000B3CD1C /* ProductsFetcher.swift */,
			);
			path = Products;
			sourceTree = "<group>";
		};
		087438ED28523CF000AA432E /* Model */ = {
			isa = PBXGroup;
			children = (
				087438F128523DC400AA432E /* Cart.swift */,
				0874390428524E3100AA432E /* Product.swift */,
			);
			path = Model;
			sourceTree = "<group>";
		};
		087438FD2852456800AA432E /* Network */ = {
			isa = PBXGroup;
			children = (
				087438F428523E7100AA432E /* NetworkManager.swift */,
				087438FE2852458800AA432E /* XenShopAPI.swift */,
				0874390128524AF900AA432E /* XenShopError.swift */,
			);
			path = Network;
			sourceTree = "<group>";
		};
/* End PBXGroup section */

/* Begin PBXNativeTarget section */
		087438AF285239B500AA432E /* xenShop (iOS) */ = {
			isa = PBXNativeTarget;
			buildConfigurationList = 087438D9285239B500AA432E /* Build configuration list for PBXNativeTarget "xenShop (iOS)" */;
			buildPhases = (
				087438AC285239B500AA432E /* Sources */,
				087438AD285239B500AA432E /* Frameworks */,
				087438AE285239B500AA432E /* Resources */,
			);
			buildRules = (
			);
			dependencies = (
			);
			name = "xenShop (iOS)";
			packageProductDependencies = (
				087438F9285244D100AA432E /* CombineMoya */,
				087438FB285244D100AA432E /* Moya */,
			);
			productName = "xenShop (iOS)";
			productReference = 087438B0285239B500AA432E /* xenShop.app */;
			productType = "com.apple.product-type.application";
		};
		087438B5285239B500AA432E /* xenShop (macOS) */ = {
			isa = PBXNativeTarget;
			buildConfigurationList = 087438DC285239B500AA432E /* Build configuration list for PBXNativeTarget "xenShop (macOS)" */;
			buildPhases = (
				087438B2285239B500AA432E /* Sources */,
				087438B3285239B500AA432E /* Frameworks */,
				087438B4285239B500AA432E /* Resources */,
			);
			buildRules = (
			);
			dependencies = (
			);
			name = "xenShop (macOS)";
			productName = "xenShop (macOS)";
			productReference = 087438B6285239B500AA432E /* xenShop.app */;
			productType = "com.apple.product-type.application";
		};
		087438BC285239B500AA432E /* Tests iOS */ = {
			isa = PBXNativeTarget;
			buildConfigurationList = 087438DF285239B500AA432E /* Build configuration list for PBXNativeTarget "Tests iOS" */;
			buildPhases = (
				087438B9285239B500AA432E /* Sources */,
				087438BA285239B500AA432E /* Frameworks */,
				087438BB285239B500AA432E /* Resources */,
			);
			buildRules = (
			);
			dependencies = (
				087438BF285239B500AA432E /* PBXTargetDependency */,
			);
			name = "Tests iOS";
			productName = "Tests iOS";
			productReference = 087438BD285239B500AA432E /* Tests iOS.xctest */;
			productType = "com.apple.product-type.bundle.ui-testing";
		};
		087438C8285239B500AA432E /* Tests macOS */ = {
			isa = PBXNativeTarget;
			buildConfigurationList = 087438E2285239B500AA432E /* Build configuration list for PBXNativeTarget "Tests macOS" */;
			buildPhases = (
				087438C5285239B500AA432E /* Sources */,
				087438C6285239B500AA432E /* Frameworks */,
				087438C7285239B500AA432E /* Resources */,
			);
			buildRules = (
			);
			dependencies = (
				087438CB285239B500AA432E /* PBXTargetDependency */,
			);
			name = "Tests macOS";
			productName = "Tests macOS";
			productReference = 087438C9285239B500AA432E /* Tests macOS.xctest */;
			productType = "com.apple.product-type.bundle.ui-testing";
		};
/* End PBXNativeTarget section */

/* Begin PBXProject section */
		087438A4285239B200AA432E /* Project object */ = {
			isa = PBXProject;
			attributes = {
				BuildIndependentTargetsInParallel = 1;
				LastSwiftUpdateCheck = 1340;
				LastUpgradeCheck = 1340;
				TargetAttributes = {
					087438AF285239B500AA432E = {
						CreatedOnToolsVersion = 13.4;
					};
					087438B5285239B500AA432E = {
						CreatedOnToolsVersion = 13.4;
					};
					087438BC285239B500AA432E = {
						CreatedOnToolsVersion = 13.4;
						TestTargetID = 087438AF285239B500AA432E;
					};
					087438C8285239B500AA432E = {
						CreatedOnToolsVersion = 13.4;
						TestTargetID = 087438B5285239B500AA432E;
					};
				};
			};
			buildConfigurationList = 087438A7285239B200AA432E /* Build configuration list for PBXProject "xenShop" */;
			compatibilityVersion = "Xcode 13.0";
			developmentRegion = en;
			hasScannedForEncodings = 0;
			knownRegions = (
				en,
				Base,
			);
			mainGroup = 087438A3285239B200AA432E;
			packageReferences = (
				087438F8285244D100AA432E /* XCRemoteSwiftPackageReference "Moya" */,
			);
			productRefGroup = 087438B1285239B500AA432E /* Products */;
			projectDirPath = "";
			projectRoot = "";
			targets = (
				087438AF285239B500AA432E /* xenShop (iOS) */,
				087438B5285239B500AA432E /* xenShop (macOS) */,
				087438BC285239B500AA432E /* Tests iOS */,
				087438C8285239B500AA432E /* Tests macOS */,
			);
		};
/* End PBXProject section */

/* Begin PBXResourcesBuildPhase section */
		087438AE285239B500AA432E /* Resources */ = {
			isa = PBXResourcesBuildPhase;
			buildActionMask = 2147483647;
			files = (
				087438D5285239B500AA432E /* Assets.xcassets in Resources */,
			);
			runOnlyForDeploymentPostprocessing = 0;
		};
		087438B4285239B500AA432E /* Resources */ = {
			isa = PBXResourcesBuildPhase;
			buildActionMask = 2147483647;
			files = (
				087438D6285239B500AA432E /* Assets.xcassets in Resources */,
			);
			runOnlyForDeploymentPostprocessing = 0;
		};
		087438BB285239B500AA432E /* Resources */ = {
			isa = PBXResourcesBuildPhase;
			buildActionMask = 2147483647;
			files = (
			);
			runOnlyForDeploymentPostprocessing = 0;
		};
		087438C7285239B500AA432E /* Resources */ = {
			isa = PBXResourcesBuildPhase;
			buildActionMask = 2147483647;
			files = (
			);
			runOnlyForDeploymentPostprocessing = 0;
		};
/* End PBXResourcesBuildPhase section */

/* Begin PBXSourcesBuildPhase section */
		087438AC285239B500AA432E /* Sources */ = {
			isa = PBXSourcesBuildPhase;
			buildActionMask = 2147483647;
			files = (
				087438D3285239B500AA432E /* ContentView.swift in Sources */,
				08552D902852555100B3CD1C /* XenColor.swift in Sources */,
				087438F228523DC400AA432E /* Cart.swift in Sources */,
				0874390528524E3100AA432E /* Product.swift in Sources */,
				087438FF2852458800AA432E /* XenShopAPI.swift in Sources */,
				087438F528523E7100AA432E /* NetworkManager.swift in Sources */,
				087438D1285239B500AA432E /* xenShopApp.swift in Sources */,
				0874390228524AF900AA432E /* XenShopError.swift in Sources */,
				087438E828523CA300AA432E /* ProductsView.swift in Sources */,
				087438EB28523CCF00AA432E /* ProductRowView.swift in Sources */,
				08552D8C2852526000B3CD1C /* ProductsFetcher.swift in Sources */,
			);
			runOnlyForDeploymentPostprocessing = 0;
		};
		087438B2285239B500AA432E /* Sources */ = {
			isa = PBXSourcesBuildPhase;
			buildActionMask = 2147483647;
			files = (
				087438D4285239B500AA432E /* ContentView.swift in Sources */,
				08552D912852555100B3CD1C /* XenColor.swift in Sources */,
				087438F328523DC400AA432E /* Cart.swift in Sources */,
				0874390628524E3100AA432E /* Product.swift in Sources */,
				087439002852458800AA432E /* XenShopAPI.swift in Sources */,
				087438F628523E7100AA432E /* NetworkManager.swift in Sources */,
				087438D2285239B500AA432E /* xenShopApp.swift in Sources */,
				0874390328524AF900AA432E /* XenShopError.swift in Sources */,
				087438E928523CA300AA432E /* ProductsView.swift in Sources */,
				087438EC28523CCF00AA432E /* ProductRowView.swift in Sources */,
				08552D8D2852526000B3CD1C /* ProductsFetcher.swift in Sources */,
			);
			runOnlyForDeploymentPostprocessing = 0;
		};
		087438B9285239B500AA432E /* Sources */ = {
			isa = PBXSourcesBuildPhase;
			buildActionMask = 2147483647;
			files = (
				087438C4285239B500AA432E /* Tests_iOSLaunchTests.swift in Sources */,
				087438C2285239B500AA432E /* Tests_iOS.swift in Sources */,
			);
			runOnlyForDeploymentPostprocessing = 0;
		};
		087438C5285239B500AA432E /* Sources */ = {
			isa = PBXSourcesBuildPhase;
			buildActionMask = 2147483647;
			files = (
				087438D0285239B500AA432E /* Tests_macOSLaunchTests.swift in Sources */,
				087438CE285239B500AA432E /* Tests_macOS.swift in Sources */,
			);
			runOnlyForDeploymentPostprocessing = 0;
		};
/* End PBXSourcesBuildPhase section */

/* Begin PBXTargetDependency section */
		087438BF285239B500AA432E /* PBXTargetDependency */ = {
			isa = PBXTargetDependency;
			target = 087438AF285239B500AA432E /* xenShop (iOS) */;
			targetProxy = 087438BE285239B500AA432E /* PBXContainerItemProxy */;
		};
		087438CB285239B500AA432E /* PBXTargetDependency */ = {
			isa = PBXTargetDependency;
			target = 087438B5285239B500AA432E /* xenShop (macOS) */;
			targetProxy = 087438CA285239B500AA432E /* PBXContainerItemProxy */;
		};
/* End PBXTargetDependency section */

/* Begin XCBuildConfiguration section */
		087438D7285239B500AA432E /* Debug */ = {
			isa = XCBuildConfiguration;
			buildSettings = {
				ALWAYS_SEARCH_USER_PATHS = NO;
				CLANG_ANALYZER_NONNULL = YES;
				CLANG_ANALYZER_NUMBER_OBJECT_CONVERSION = YES_AGGRESSIVE;
				CLANG_CXX_LANGUAGE_STANDARD = "gnu++17";
				CLANG_ENABLE_MODULES = YES;
				CLANG_ENABLE_OBJC_ARC = YES;
				CLANG_ENABLE_OBJC_WEAK = YES;
				CLANG_WARN_BLOCK_CAPTURE_AUTORELEASING = YES;
				CLANG_WARN_BOOL_CONVERSION = YES;
				CLANG_WARN_COMMA = YES;
				CLANG_WARN_CONSTANT_CONVERSION = YES;
				CLANG_WARN_DEPRECATED_OBJC_IMPLEMENTATIONS = YES;
				CLANG_WARN_DIRECT_OBJC_ISA_USAGE = YES_ERROR;
				CLANG_WARN_DOCUMENTATION_COMMENTS = YES;
				CLANG_WARN_EMPTY_BODY = YES;
				CLANG_WARN_ENUM_CONVERSION = YES;
				CLANG_WARN_INFINITE_RECURSION = YES;
				CLANG_WARN_INT_CONVERSION = YES;
				CLANG_WARN_NON_LITERAL_NULL_CONVERSION = YES;
				CLANG_WARN_OBJC_IMPLICIT_RETAIN_SELF = YES;
				CLANG_WARN_OBJC_LITERAL_CONVERSION = YES;
				CLANG_WARN_OBJC_ROOT_CLASS = YES_ERROR;
				CLANG_WARN_QUOTED_INCLUDE_IN_FRAMEWORK_HEADER = YES;
				CLANG_WARN_RANGE_LOOP_ANALYSIS = YES;
				CLANG_WARN_STRICT_PROTOTYPES = YES;
				CLANG_WARN_SUSPICIOUS_MOVE = YES;
				CLANG_WARN_UNGUARDED_AVAILABILITY = YES_AGGRESSIVE;
				CLANG_WARN_UNREACHABLE_CODE = YES;
				CLANG_WARN__DUPLICATE_METHOD_MATCH = YES;
				COPY_PHASE_STRIP = NO;
				DEBUG_INFORMATION_FORMAT = dwarf;
				ENABLE_STRICT_OBJC_MSGSEND = YES;
				ENABLE_TESTABILITY = YES;
				EXCLUDED_ARCHS = "";
				GCC_C_LANGUAGE_STANDARD = gnu11;
				GCC_DYNAMIC_NO_PIC = NO;
				GCC_NO_COMMON_BLOCKS = YES;
				GCC_OPTIMIZATION_LEVEL = 0;
				GCC_PREPROCESSOR_DEFINITIONS = (
					"DEBUG=1",
					"$(inherited)",
				);
				GCC_WARN_64_TO_32_BIT_CONVERSION = YES;
				GCC_WARN_ABOUT_RETURN_TYPE = YES_ERROR;
				GCC_WARN_UNDECLARED_SELECTOR = YES;
				GCC_WARN_UNINITIALIZED_AUTOS = YES_AGGRESSIVE;
				GCC_WARN_UNUSED_FUNCTION = YES;
				GCC_WARN_UNUSED_VARIABLE = YES;
				MTL_ENABLE_DEBUG_INFO = INCLUDE_SOURCE;
				MTL_FAST_MATH = YES;
				ONLY_ACTIVE_ARCH = YES;
				SWIFT_ACTIVE_COMPILATION_CONDITIONS = DEBUG;
				SWIFT_OPTIMIZATION_LEVEL = "-Onone";
			};
			name = Debug;
		};
		087438D8285239B500AA432E /* Release */ = {
			isa = XCBuildConfiguration;
			buildSettings = {
				ALWAYS_SEARCH_USER_PATHS = NO;
				CLANG_ANALYZER_NONNULL = YES;
				CLANG_ANALYZER_NUMBER_OBJECT_CONVERSION = YES_AGGRESSIVE;
				CLANG_CXX_LANGUAGE_STANDARD = "gnu++17";
				CLANG_ENABLE_MODULES = YES;
				CLANG_ENABLE_OBJC_ARC = YES;
				CLANG_ENABLE_OBJC_WEAK = YES;
				CLANG_WARN_BLOCK_CAPTURE_AUTORELEASING = YES;
				CLANG_WARN_BOOL_CONVERSION = YES;
				CLANG_WARN_COMMA = YES;
				CLANG_WARN_CONSTANT_CONVERSION = YES;
				CLANG_WARN_DEPRECATED_OBJC_IMPLEMENTATIONS = YES;
				CLANG_WARN_DIRECT_OBJC_ISA_USAGE = YES_ERROR;
				CLANG_WARN_DOCUMENTATION_COMMENTS = YES;
				CLANG_WARN_EMPTY_BODY = YES;
				CLANG_WARN_ENUM_CONVERSION = YES;
				CLANG_WARN_INFINITE_RECURSION = YES;
				CLANG_WARN_INT_CONVERSION = YES;
				CLANG_WARN_NON_LITERAL_NULL_CONVERSION = YES;
				CLANG_WARN_OBJC_IMPLICIT_RETAIN_SELF = YES;
				CLANG_WARN_OBJC_LITERAL_CONVERSION = YES;
				CLANG_WARN_OBJC_ROOT_CLASS = YES_ERROR;
				CLANG_WARN_QUOTED_INCLUDE_IN_FRAMEWORK_HEADER = YES;
				CLANG_WARN_RANGE_LOOP_ANALYSIS = YES;
				CLANG_WARN_STRICT_PROTOTYPES = YES;
				CLANG_WARN_SUSPICIOUS_MOVE = YES;
				CLANG_WARN_UNGUARDED_AVAILABILITY = YES_AGGRESSIVE;
				CLANG_WARN_UNREACHABLE_CODE = YES;
				CLANG_WARN__DUPLICATE_METHOD_MATCH = YES;
				COPY_PHASE_STRIP = NO;
				DEBUG_INFORMATION_FORMAT = "dwarf-with-dsym";
				ENABLE_NS_ASSERTIONS = NO;
				ENABLE_STRICT_OBJC_MSGSEND = YES;
				EXCLUDED_ARCHS = "";
				GCC_C_LANGUAGE_STANDARD = gnu11;
				GCC_NO_COMMON_BLOCKS = YES;
				GCC_WARN_64_TO_32_BIT_CONVERSION = YES;
				GCC_WARN_ABOUT_RETURN_TYPE = YES_ERROR;
				GCC_WARN_UNDECLARED_SELECTOR = YES;
				GCC_WARN_UNINITIALIZED_AUTOS = YES_AGGRESSIVE;
				GCC_WARN_UNUSED_FUNCTION = YES;
				GCC_WARN_UNUSED_VARIABLE = YES;
				MTL_ENABLE_DEBUG_INFO = NO;
				MTL_FAST_MATH = YES;
				SWIFT_COMPILATION_MODE = wholemodule;
				SWIFT_OPTIMIZATION_LEVEL = "-O";
			};
			name = Release;
		};
		087438DA285239B500AA432E /* Debug */ = {
			isa = XCBuildConfiguration;
			buildSettings = {
				ASSETCATALOG_COMPILER_APPICON_NAME = AppIcon;
				ASSETCATALOG_COMPILER_GLOBAL_ACCENT_COLOR_NAME = AccentColor;
				CODE_SIGN_STYLE = Automatic;
				CURRENT_PROJECT_VERSION = 1;
				ENABLE_PREVIEWS = YES;
				GENERATE_INFOPLIST_FILE = YES;
				INFOPLIST_KEY_UIApplicationSceneManifest_Generation = YES;
				INFOPLIST_KEY_UIApplicationSupportsIndirectInputEvents = YES;
				INFOPLIST_KEY_UILaunchScreen_Generation = YES;
				INFOPLIST_KEY_UISupportedInterfaceOrientations_iPad = "UIInterfaceOrientationPortrait UIInterfaceOrientationPortraitUpsideDown UIInterfaceOrientationLandscapeLeft UIInterfaceOrientationLandscapeRight";
				INFOPLIST_KEY_UISupportedInterfaceOrientations_iPhone = "UIInterfaceOrientationPortrait UIInterfaceOrientationLandscapeLeft UIInterfaceOrientationLandscapeRight";
				IPHONEOS_DEPLOYMENT_TARGET = 15.5;
				LD_RUNPATH_SEARCH_PATHS = (
					"$(inherited)",
					"@executable_path/Frameworks",
				);
				MARKETING_VERSION = 1.0;
				PRODUCT_BUNDLE_IDENTIFIER = com.xendit.xenShop;
				PRODUCT_NAME = xenShop;
				SDKROOT = iphoneos;
				SWIFT_EMIT_LOC_STRINGS = YES;
				SWIFT_VERSION = 5.0;
				TARGETED_DEVICE_FAMILY = "1,2";
			};
			name = Debug;
		};
		087438DB285239B500AA432E /* Release */ = {
			isa = XCBuildConfiguration;
			buildSettings = {
				ASSETCATALOG_COMPILER_APPICON_NAME = AppIcon;
				ASSETCATALOG_COMPILER_GLOBAL_ACCENT_COLOR_NAME = AccentColor;
				CODE_SIGN_STYLE = Automatic;
				CURRENT_PROJECT_VERSION = 1;
				ENABLE_PREVIEWS = YES;
				GENERATE_INFOPLIST_FILE = YES;
				INFOPLIST_KEY_UIApplicationSceneManifest_Generation = YES;
				INFOPLIST_KEY_UIApplicationSupportsIndirectInputEvents = YES;
				INFOPLIST_KEY_UILaunchScreen_Generation = YES;
				INFOPLIST_KEY_UISupportedInterfaceOrientations_iPad = "UIInterfaceOrientationPortrait UIInterfaceOrientationPortraitUpsideDown UIInterfaceOrientationLandscapeLeft UIInterfaceOrientationLandscapeRight";
				INFOPLIST_KEY_UISupportedInterfaceOrientations_iPhone = "UIInterfaceOrientationPortrait UIInterfaceOrientationLandscapeLeft UIInterfaceOrientationLandscapeRight";
				IPHONEOS_DEPLOYMENT_TARGET = 15.5;
				LD_RUNPATH_SEARCH_PATHS = (
					"$(inherited)",
					"@executable_path/Frameworks",
				);
				MARKETING_VERSION = 1.0;
				PRODUCT_BUNDLE_IDENTIFIER = com.xendit.xenShop;
				PRODUCT_NAME = xenShop;
				SDKROOT = iphoneos;
				SWIFT_EMIT_LOC_STRINGS = YES;
				SWIFT_VERSION = 5.0;
				TARGETED_DEVICE_FAMILY = "1,2";
				VALIDATE_PRODUCT = YES;
			};
			name = Release;
		};
		087438DD285239B500AA432E /* Debug */ = {
			isa = XCBuildConfiguration;
			buildSettings = {
				ASSETCATALOG_COMPILER_APPICON_NAME = AppIcon;
				ASSETCATALOG_COMPILER_GLOBAL_ACCENT_COLOR_NAME = AccentColor;
				CODE_SIGN_ENTITLEMENTS = macOS/macOS.entitlements;
				CODE_SIGN_STYLE = Automatic;
				COMBINE_HIDPI_IMAGES = YES;
				CURRENT_PROJECT_VERSION = 1;
				ENABLE_PREVIEWS = YES;
				GENERATE_INFOPLIST_FILE = YES;
				INFOPLIST_KEY_NSHumanReadableCopyright = "";
				LD_RUNPATH_SEARCH_PATHS = (
					"$(inherited)",
					"@executable_path/../Frameworks",
				);
				MACOSX_DEPLOYMENT_TARGET = 12.3;
				MARKETING_VERSION = 1.0;
				PRODUCT_BUNDLE_IDENTIFIER = com.xendit.xenShop;
				PRODUCT_NAME = xenShop;
				SDKROOT = macosx;
				SWIFT_EMIT_LOC_STRINGS = YES;
				SWIFT_VERSION = 5.0;
			};
			name = Debug;
		};
		087438DE285239B500AA432E /* Release */ = {
			isa = XCBuildConfiguration;
			buildSettings = {
				ASSETCATALOG_COMPILER_APPICON_NAME = AppIcon;
				ASSETCATALOG_COMPILER_GLOBAL_ACCENT_COLOR_NAME = AccentColor;
				CODE_SIGN_ENTITLEMENTS = macOS/macOS.entitlements;
				CODE_SIGN_STYLE = Automatic;
				COMBINE_HIDPI_IMAGES = YES;
				CURRENT_PROJECT_VERSION = 1;
				ENABLE_PREVIEWS = YES;
				GENERATE_INFOPLIST_FILE = YES;
				INFOPLIST_KEY_NSHumanReadableCopyright = "";
				LD_RUNPATH_SEARCH_PATHS = (
					"$(inherited)",
					"@executable_path/../Frameworks",
				);
				MACOSX_DEPLOYMENT_TARGET = 12.3;
				MARKETING_VERSION = 1.0;
				PRODUCT_BUNDLE_IDENTIFIER = com.xendit.xenShop;
				PRODUCT_NAME = xenShop;
				SDKROOT = macosx;
				SWIFT_EMIT_LOC_STRINGS = YES;
				SWIFT_VERSION = 5.0;
			};
			name = Release;
		};
		087438E0285239B500AA432E /* Debug */ = {
			isa = XCBuildConfiguration;
			buildSettings = {
				ALWAYS_EMBED_SWIFT_STANDARD_LIBRARIES = YES;
				CODE_SIGN_STYLE = Automatic;
				CURRENT_PROJECT_VERSION = 1;
				GENERATE_INFOPLIST_FILE = YES;
				IPHONEOS_DEPLOYMENT_TARGET = 15.5;
				MARKETING_VERSION = 1.0;
				PRODUCT_BUNDLE_IDENTIFIER = "com.xendit.Tests-iOS";
				PRODUCT_NAME = "$(TARGET_NAME)";
				SDKROOT = iphoneos;
				SWIFT_EMIT_LOC_STRINGS = NO;
				SWIFT_VERSION = 5.0;
				TARGETED_DEVICE_FAMILY = "1,2";
				TEST_TARGET_NAME = "xenShop (iOS)";
			};
			name = Debug;
		};
		087438E1285239B500AA432E /* Release */ = {
			isa = XCBuildConfiguration;
			buildSettings = {
				ALWAYS_EMBED_SWIFT_STANDARD_LIBRARIES = YES;
				CODE_SIGN_STYLE = Automatic;
				CURRENT_PROJECT_VERSION = 1;
				GENERATE_INFOPLIST_FILE = YES;
				IPHONEOS_DEPLOYMENT_TARGET = 15.5;
				MARKETING_VERSION = 1.0;
				PRODUCT_BUNDLE_IDENTIFIER = "com.xendit.Tests-iOS";
				PRODUCT_NAME = "$(TARGET_NAME)";
				SDKROOT = iphoneos;
				SWIFT_EMIT_LOC_STRINGS = NO;
				SWIFT_VERSION = 5.0;
				TARGETED_DEVICE_FAMILY = "1,2";
				TEST_TARGET_NAME = "xenShop (iOS)";
				VALIDATE_PRODUCT = YES;
			};
			name = Release;
		};
		087438E3285239B500AA432E /* Debug */ = {
			isa = XCBuildConfiguration;
			buildSettings = {
				ALWAYS_EMBED_SWIFT_STANDARD_LIBRARIES = YES;
				CODE_SIGN_STYLE = Automatic;
				CURRENT_PROJECT_VERSION = 1;
				GENERATE_INFOPLIST_FILE = YES;
				MACOSX_DEPLOYMENT_TARGET = 12.3;
				MARKETING_VERSION = 1.0;
				PRODUCT_BUNDLE_IDENTIFIER = "com.xendit.Tests-macOS";
				PRODUCT_NAME = "$(TARGET_NAME)";
				SDKROOT = macosx;
				SWIFT_EMIT_LOC_STRINGS = NO;
				SWIFT_VERSION = 5.0;
				TEST_TARGET_NAME = "xenShop (macOS)";
			};
			name = Debug;
		};
		087438E4285239B500AA432E /* Release */ = {
			isa = XCBuildConfiguration;
			buildSettings = {
				ALWAYS_EMBED_SWIFT_STANDARD_LIBRARIES = YES;
				CODE_SIGN_STYLE = Automatic;
				CURRENT_PROJECT_VERSION = 1;
				GENERATE_INFOPLIST_FILE = YES;
				MACOSX_DEPLOYMENT_TARGET = 12.3;
				MARKETING_VERSION = 1.0;
				PRODUCT_BUNDLE_IDENTIFIER = "com.xendit.Tests-macOS";
				PRODUCT_NAME = "$(TARGET_NAME)";
				SDKROOT = macosx;
				SWIFT_EMIT_LOC_STRINGS = NO;
				SWIFT_VERSION = 5.0;
				TEST_TARGET_NAME = "xenShop (macOS)";
			};
			name = Release;
		};
/* End XCBuildConfiguration section */

/* Begin XCConfigurationList section */
		087438A7285239B200AA432E /* Build configuration list for PBXProject "xenShop" */ = {
			isa = XCConfigurationList;
			buildConfigurations = (
				087438D7285239B500AA432E /* Debug */,
				087438D8285239B500AA432E /* Release */,
			);
			defaultConfigurationIsVisible = 0;
			defaultConfigurationName = Release;
		};
		087438D9285239B500AA432E /* Build configuration list for PBXNativeTarget "xenShop (iOS)" */ = {
			isa = XCConfigurationList;
			buildConfigurations = (
				087438DA285239B500AA432E /* Debug */,
				087438DB285239B500AA432E /* Release */,
			);
			defaultConfigurationIsVisible = 0;
			defaultConfigurationName = Release;
		};
		087438DC285239B500AA432E /* Build configuration list for PBXNativeTarget "xenShop (macOS)" */ = {
			isa = XCConfigurationList;
			buildConfigurations = (
				087438DD285239B500AA432E /* Debug */,
				087438DE285239B500AA432E /* Release */,
			);
			defaultConfigurationIsVisible = 0;
			defaultConfigurationName = Release;
		};
		087438DF285239B500AA432E /* Build configuration list for PBXNativeTarget "Tests iOS" */ = {
			isa = XCConfigurationList;
			buildConfigurations = (
				087438E0285239B500AA432E /* Debug */,
				087438E1285239B500AA432E /* Release */,
			);
			defaultConfigurationIsVisible = 0;
			defaultConfigurationName = Release;
		};
		087438E2285239B500AA432E /* Build configuration list for PBXNativeTarget "Tests macOS" */ = {
			isa = XCConfigurationList;
			buildConfigurations = (
				087438E3285239B500AA432E /* Debug */,
				087438E4285239B500AA432E /* Release */,
			);
			defaultConfigurationIsVisible = 0;
			defaultConfigurationName = Release;
		};
/* End XCConfigurationList section */

/* Begin XCRemoteSwiftPackageReference section */
		087438F8285244D100AA432E /* XCRemoteSwiftPackageReference "Moya" */ = {
			isa = XCRemoteSwiftPackageReference;
			repositoryURL = "https://github.com/Moya/Moya";
			requirement = {
				branch = master;
				kind = branch;
			};
		};
/* End XCRemoteSwiftPackageReference section */

/* Begin XCSwiftPackageProductDependency section */
		087438F9285244D100AA432E /* CombineMoya */ = {
			isa = XCSwiftPackageProductDependency;
			package = 087438F8285244D100AA432E /* XCRemoteSwiftPackageReference "Moya" */;
			productName = CombineMoya;
		};
		087438FB285244D100AA432E /* Moya */ = {
			isa = XCSwiftPackageProductDependency;
			package = 087438F8285244D100AA432E /* XCRemoteSwiftPackageReference "Moya" */;
			productName = Moya;
		};
/* End XCSwiftPackageProductDependency section */
	};
	rootObject = 087438A4285239B200AA432E /* Project object */;
}
